// !$*UTF8*$!
{
	archiveVersion = 1;
	classes = {
	};
	objectVersion = 51;
	objects = {

/* Begin PBXBuildFile section */
		587D4ADB55664ABA59CE1902 /* Pods_Polacy_w_Szwecji.framework in Frameworks */ = {isa = PBXBuildFile; fileRef = D8F9006BDCB2C55F5535A690 /* Pods_Polacy_w_Szwecji.framework */; };
		7D08C66822AF221800C8DCD8 /* BaseAuthViewController.swift in Sources */ = {isa = PBXBuildFile; fileRef = 7D08C66722AF221800C8DCD8 /* BaseAuthViewController.swift */; };
		7D08C66A22B00C3800C8DCD8 /* UIButton+Extension.swift in Sources */ = {isa = PBXBuildFile; fileRef = 7D08C66922B00C3800C8DCD8 /* UIButton+Extension.swift */; };
		7D08C66C22B0108600C8DCD8 /* UIViewController+Extension.swift in Sources */ = {isa = PBXBuildFile; fileRef = 7D08C66B22B0108600C8DCD8 /* UIViewController+Extension.swift */; };
		7D08C66E22B0459500C8DCD8 /* UINavigationController+Extension.swift in Sources */ = {isa = PBXBuildFile; fileRef = 7D08C66D22B0459500C8DCD8 /* UINavigationController+Extension.swift */; };
		7D08C67022B04EA700C8DCD8 /* counting.mov in Resources */ = {isa = PBXBuildFile; fileRef = 7D08C66F22B04EA700C8DCD8 /* counting.mov */; };
		7D08C67222B0637F00C8DCD8 /* GoogleService-Info.plist in Resources */ = {isa = PBXBuildFile; fileRef = 7D08C67122B0637F00C8DCD8 /* GoogleService-Info.plist */; };
		7D08C67422B1901F00C8DCD8 /* Api.swift in Sources */ = {isa = PBXBuildFile; fileRef = 7D08C67322B1901F00C8DCD8 /* Api.swift */; };
		7D08C67622B190A300C8DCD8 /* UserApi.swift in Sources */ = {isa = PBXBuildFile; fileRef = 7D08C67522B190A300C8DCD8 /* UserApi.swift */; };
		7D08C67822B1958600C8DCD8 /* StorageService.swift in Sources */ = {isa = PBXBuildFile; fileRef = 7D08C67722B1958600C8DCD8 /* StorageService.swift */; };
		7D08C67A22B19FCF00C8DCD8 /* Ref.swift in Sources */ = {isa = PBXBuildFile; fileRef = 7D08C67922B19FCF00C8DCD8 /* Ref.swift */; };
		7D08C67D22B30A9700C8DCD8 /* WorkController.swift in Sources */ = {isa = PBXBuildFile; fileRef = 7D08C67C22B30A9700C8DCD8 /* WorkController.swift */; };
		7D08C67F22B30AC100C8DCD8 /* FlatsController.swift in Sources */ = {isa = PBXBuildFile; fileRef = 7D08C67E22B30AC100C8DCD8 /* FlatsController.swift */; };
		7D08C68122B30AEF00C8DCD8 /* ShoppingController.swift in Sources */ = {isa = PBXBuildFile; fileRef = 7D08C68022B30AEF00C8DCD8 /* ShoppingController.swift */; };
		7D08C68322B42A1B00C8DCD8 /* MessagesTVC.swift in Sources */ = {isa = PBXBuildFile; fileRef = 7D08C68222B42A1B00C8DCD8 /* MessagesTVC.swift */; };
		7D08C6A322B4594A00C8DCD8 /* UserCell.swift in Sources */ = {isa = PBXBuildFile; fileRef = 7D08C6A222B4594A00C8DCD8 /* UserCell.swift */; };
		7D08C6A522B46E2B00C8DCD8 /* User.swift in Sources */ = {isa = PBXBuildFile; fileRef = 7D08C6A422B46E2B00C8DCD8 /* User.swift */; };
		7D08C6A722B4E1DB00C8DCD8 /* UIImageView+Extension.swift in Sources */ = {isa = PBXBuildFile; fileRef = 7D08C6A622B4E1DB00C8DCD8 /* UIImageView+Extension.swift */; };
		7D08C6A922B5ACF900C8DCD8 /* ChatController.swift in Sources */ = {isa = PBXBuildFile; fileRef = 7D08C6A822B5ACF900C8DCD8 /* ChatController.swift */; };
		7D08C6AB22B5AD1900C8DCD8 /* ChatView.swift in Sources */ = {isa = PBXBuildFile; fileRef = 7D08C6AA22B5AD1900C8DCD8 /* ChatView.swift */; };
		7D08C6AD22B6538C00C8DCD8 /* MessageApi.swift in Sources */ = {isa = PBXBuildFile; fileRef = 7D08C6AC22B6538C00C8DCD8 /* MessageApi.swift */; };
		7D348E8922A1DF5900F40530 /* AppDelegate.swift in Sources */ = {isa = PBXBuildFile; fileRef = 7D348E8822A1DF5900F40530 /* AppDelegate.swift */; };
		7D348E8B22A1DF5900F40530 /* WelcomeController.swift in Sources */ = {isa = PBXBuildFile; fileRef = 7D348E8A22A1DF5900F40530 /* WelcomeController.swift */; };
		7D348E9022A1DF5B00F40530 /* Assets.xcassets in Resources */ = {isa = PBXBuildFile; fileRef = 7D348E8F22A1DF5B00F40530 /* Assets.xcassets */; };
		7D348E9322A1DF5B00F40530 /* LaunchScreen.storyboard in Resources */ = {isa = PBXBuildFile; fileRef = 7D348E9122A1DF5B00F40530 /* LaunchScreen.storyboard */; };
		7D348E9D22A1E22B00F40530 /* polish_flag.mov in Resources */ = {isa = PBXBuildFile; fileRef = 7D348E9C22A1E22B00F40530 /* polish_flag.mov */; };
		7D348E9F22A1E2B600F40530 /* UIView+Extension.swift in Sources */ = {isa = PBXBuildFile; fileRef = 7D348E9E22A1E2B600F40530 /* UIView+Extension.swift */; };
		7D348EA122A1E2D200F40530 /* Constants.swift in Sources */ = {isa = PBXBuildFile; fileRef = 7D348EA022A1E2D200F40530 /* Constants.swift */; };
		7D348EA322A1E51700F40530 /* AppFonts.swift in Sources */ = {isa = PBXBuildFile; fileRef = 7D348EA222A1E51700F40530 /* AppFonts.swift */; };
		7D348EA522A1E52E00F40530 /* LuckiestGuy-Regular.ttf in Resources */ = {isa = PBXBuildFile; fileRef = 7D348EA422A1E52D00F40530 /* LuckiestGuy-Regular.ttf */; };
		7D348EA722A1EA3500F40530 /* SeymourOne-Regular.ttf in Resources */ = {isa = PBXBuildFile; fileRef = 7D348EA622A1EA3500F40530 /* SeymourOne-Regular.ttf */; };
		7D54666F22A85F140001DDBF /* SideButtonView.swift in Sources */ = {isa = PBXBuildFile; fileRef = 7D54666E22A85F140001DDBF /* SideButtonView.swift */; };
		7D54667122A92A8F0001DDBF /* PDFViewController.swift in Sources */ = {isa = PBXBuildFile; fileRef = 7D54667022A92A8F0001DDBF /* PDFViewController.swift */; };
		7D54667322A92C270001DDBF /* vademecum2012.pdf in Resources */ = {isa = PBXBuildFile; fileRef = 7D54667222A92C270001DDBF /* vademecum2012.pdf */; };
		7D61602622AD69D500D968AD /* SignUpController.swift in Sources */ = {isa = PBXBuildFile; fileRef = 7D61602522AD69D500D968AD /* SignUpController.swift */; };
		7D61602822AD69E800D968AD /* SignInController.swift in Sources */ = {isa = PBXBuildFile; fileRef = 7D61602722AD69E800D968AD /* SignInController.swift */; };
		7D61602A22AD6A1E00D968AD /* ResetPasswordController.swift in Sources */ = {isa = PBXBuildFile; fileRef = 7D61602922AD6A1E00D968AD /* ResetPasswordController.swift */; };
		7D61602C22AD6A3A00D968AD /* ResetPasswordView.swift in Sources */ = {isa = PBXBuildFile; fileRef = 7D61602B22AD6A3A00D968AD /* ResetPasswordView.swift */; };
		7D61602E22AD6A4900D968AD /* SignUpView.swift in Sources */ = {isa = PBXBuildFile; fileRef = 7D61602D22AD6A4900D968AD /* SignUpView.swift */; };
		7D61603022AD6A6000D968AD /* SignInView.swift in Sources */ = {isa = PBXBuildFile; fileRef = 7D61602F22AD6A6000D968AD /* SignInView.swift */; };
		7DCE63DC22A30E5F00CBC3F2 /* WelcomeView.swift in Sources */ = {isa = PBXBuildFile; fileRef = 7DCE63DB22A30E5F00CBC3F2 /* WelcomeView.swift */; };
		7DCE64F722A5D06F00CBC3F2 /* AccountController.swift in Sources */ = {isa = PBXBuildFile; fileRef = 7DCE64F322A5D06F00CBC3F2 /* AccountController.swift */; };
		7DCE64F922A5D06F00CBC3F2 /* UsersTVC.swift in Sources */ = {isa = PBXBuildFile; fileRef = 7DCE64F522A5D06F00CBC3F2 /* UsersTVC.swift */; };
		7DCE64FA22A5D06F00CBC3F2 /* ContainerController.swift in Sources */ = {isa = PBXBuildFile; fileRef = 7DCE64F622A5D06F00CBC3F2 /* ContainerController.swift */; };
		7DCE64FE22A5D4DE00CBC3F2 /* UIColor+Extension.swift in Sources */ = {isa = PBXBuildFile; fileRef = 7DCE64FD22A5D4DE00CBC3F2 /* UIColor+Extension.swift */; };
/* End PBXBuildFile section */

/* Begin PBXFileReference section */
		76837F098D9D5402B3E049AA /* Pods-Polacy w Szwecji.release.xcconfig */ = {isa = PBXFileReference; includeInIndex = 1; lastKnownFileType = text.xcconfig; name = "Pods-Polacy w Szwecji.release.xcconfig"; path = "Target Support Files/Pods-Polacy w Szwecji/Pods-Polacy w Szwecji.release.xcconfig"; sourceTree = "<group>"; };
		7D08C66722AF221800C8DCD8 /* BaseAuthViewController.swift */ = {isa = PBXFileReference; lastKnownFileType = sourcecode.swift; path = BaseAuthViewController.swift; sourceTree = "<group>"; };
		7D08C66922B00C3800C8DCD8 /* UIButton+Extension.swift */ = {isa = PBXFileReference; lastKnownFileType = sourcecode.swift; path = "UIButton+Extension.swift"; sourceTree = "<group>"; };
		7D08C66B22B0108600C8DCD8 /* UIViewController+Extension.swift */ = {isa = PBXFileReference; lastKnownFileType = sourcecode.swift; path = "UIViewController+Extension.swift"; sourceTree = "<group>"; };
		7D08C66D22B0459500C8DCD8 /* UINavigationController+Extension.swift */ = {isa = PBXFileReference; lastKnownFileType = sourcecode.swift; path = "UINavigationController+Extension.swift"; sourceTree = "<group>"; };
		7D08C66F22B04EA700C8DCD8 /* counting.mov */ = {isa = PBXFileReference; lastKnownFileType = video.quicktime; path = counting.mov; sourceTree = "<group>"; };
		7D08C67122B0637F00C8DCD8 /* GoogleService-Info.plist */ = {isa = PBXFileReference; fileEncoding = 4; lastKnownFileType = text.plist.xml; path = "GoogleService-Info.plist"; sourceTree = "<group>"; };
		7D08C67322B1901F00C8DCD8 /* Api.swift */ = {isa = PBXFileReference; lastKnownFileType = sourcecode.swift; path = Api.swift; sourceTree = "<group>"; };
		7D08C67522B190A300C8DCD8 /* UserApi.swift */ = {isa = PBXFileReference; lastKnownFileType = sourcecode.swift; path = UserApi.swift; sourceTree = "<group>"; };
		7D08C67722B1958600C8DCD8 /* StorageService.swift */ = {isa = PBXFileReference; lastKnownFileType = sourcecode.swift; path = StorageService.swift; sourceTree = "<group>"; };
		7D08C67922B19FCF00C8DCD8 /* Ref.swift */ = {isa = PBXFileReference; lastKnownFileType = sourcecode.swift; path = Ref.swift; sourceTree = "<group>"; };
		7D08C67C22B30A9700C8DCD8 /* WorkController.swift */ = {isa = PBXFileReference; lastKnownFileType = sourcecode.swift; path = WorkController.swift; sourceTree = "<group>"; };
		7D08C67E22B30AC100C8DCD8 /* FlatsController.swift */ = {isa = PBXFileReference; lastKnownFileType = sourcecode.swift; path = FlatsController.swift; sourceTree = "<group>"; };
		7D08C68022B30AEF00C8DCD8 /* ShoppingController.swift */ = {isa = PBXFileReference; lastKnownFileType = sourcecode.swift; path = ShoppingController.swift; sourceTree = "<group>"; };
		7D08C68222B42A1B00C8DCD8 /* MessagesTVC.swift */ = {isa = PBXFileReference; lastKnownFileType = sourcecode.swift; path = MessagesTVC.swift; sourceTree = "<group>"; };
		7D08C6A222B4594A00C8DCD8 /* UserCell.swift */ = {isa = PBXFileReference; lastKnownFileType = sourcecode.swift; path = UserCell.swift; sourceTree = "<group>"; };
		7D08C6A422B46E2B00C8DCD8 /* User.swift */ = {isa = PBXFileReference; lastKnownFileType = sourcecode.swift; path = User.swift; sourceTree = "<group>"; };
		7D08C6A622B4E1DB00C8DCD8 /* UIImageView+Extension.swift */ = {isa = PBXFileReference; lastKnownFileType = sourcecode.swift; path = "UIImageView+Extension.swift"; sourceTree = "<group>"; };
		7D08C6A822B5ACF900C8DCD8 /* ChatController.swift */ = {isa = PBXFileReference; lastKnownFileType = sourcecode.swift; path = ChatController.swift; sourceTree = "<group>"; };
		7D08C6AA22B5AD1900C8DCD8 /* ChatView.swift */ = {isa = PBXFileReference; lastKnownFileType = sourcecode.swift; path = ChatView.swift; sourceTree = "<group>"; };
		7D08C6AC22B6538C00C8DCD8 /* MessageApi.swift */ = {isa = PBXFileReference; lastKnownFileType = sourcecode.swift; path = MessageApi.swift; sourceTree = "<group>"; };
		7D348E8522A1DF5900F40530 /* Polacy w Szwecji.app */ = {isa = PBXFileReference; explicitFileType = wrapper.application; includeInIndex = 0; path = "Polacy w Szwecji.app"; sourceTree = BUILT_PRODUCTS_DIR; };
		7D348E8822A1DF5900F40530 /* AppDelegate.swift */ = {isa = PBXFileReference; lastKnownFileType = sourcecode.swift; path = AppDelegate.swift; sourceTree = "<group>"; };
		7D348E8A22A1DF5900F40530 /* WelcomeController.swift */ = {isa = PBXFileReference; lastKnownFileType = sourcecode.swift; path = WelcomeController.swift; sourceTree = "<group>"; };
		7D348E8F22A1DF5B00F40530 /* Assets.xcassets */ = {isa = PBXFileReference; lastKnownFileType = folder.assetcatalog; path = Assets.xcassets; sourceTree = "<group>"; };
		7D348E9222A1DF5B00F40530 /* Base */ = {isa = PBXFileReference; lastKnownFileType = file.storyboard; name = Base; path = Base.lproj/LaunchScreen.storyboard; sourceTree = "<group>"; };
		7D348E9422A1DF5B00F40530 /* Info.plist */ = {isa = PBXFileReference; lastKnownFileType = text.plist.xml; path = Info.plist; sourceTree = "<group>"; };
		7D348E9C22A1E22B00F40530 /* polish_flag.mov */ = {isa = PBXFileReference; lastKnownFileType = video.quicktime; path = polish_flag.mov; sourceTree = "<group>"; };
		7D348E9E22A1E2B600F40530 /* UIView+Extension.swift */ = {isa = PBXFileReference; fileEncoding = 4; lastKnownFileType = sourcecode.swift; path = "UIView+Extension.swift"; sourceTree = "<group>"; };
		7D348EA022A1E2D200F40530 /* Constants.swift */ = {isa = PBXFileReference; fileEncoding = 4; lastKnownFileType = sourcecode.swift; path = Constants.swift; sourceTree = "<group>"; };
		7D348EA222A1E51700F40530 /* AppFonts.swift */ = {isa = PBXFileReference; fileEncoding = 4; lastKnownFileType = sourcecode.swift; path = AppFonts.swift; sourceTree = "<group>"; };
		7D348EA422A1E52D00F40530 /* LuckiestGuy-Regular.ttf */ = {isa = PBXFileReference; lastKnownFileType = file; path = "LuckiestGuy-Regular.ttf"; sourceTree = "<group>"; };
		7D348EA622A1EA3500F40530 /* SeymourOne-Regular.ttf */ = {isa = PBXFileReference; lastKnownFileType = file; path = "SeymourOne-Regular.ttf"; sourceTree = "<group>"; };
		7D54666E22A85F140001DDBF /* SideButtonView.swift */ = {isa = PBXFileReference; lastKnownFileType = sourcecode.swift; path = SideButtonView.swift; sourceTree = "<group>"; };
		7D54667022A92A8F0001DDBF /* PDFViewController.swift */ = {isa = PBXFileReference; lastKnownFileType = sourcecode.swift; path = PDFViewController.swift; sourceTree = "<group>"; };
		7D54667222A92C270001DDBF /* vademecum2012.pdf */ = {isa = PBXFileReference; lastKnownFileType = image.pdf; path = vademecum2012.pdf; sourceTree = "<group>"; };
		7D61602522AD69D500D968AD /* SignUpController.swift */ = {isa = PBXFileReference; lastKnownFileType = sourcecode.swift; path = SignUpController.swift; sourceTree = "<group>"; };
		7D61602722AD69E800D968AD /* SignInController.swift */ = {isa = PBXFileReference; lastKnownFileType = sourcecode.swift; path = SignInController.swift; sourceTree = "<group>"; };
		7D61602922AD6A1E00D968AD /* ResetPasswordController.swift */ = {isa = PBXFileReference; lastKnownFileType = sourcecode.swift; path = ResetPasswordController.swift; sourceTree = "<group>"; };
		7D61602B22AD6A3A00D968AD /* ResetPasswordView.swift */ = {isa = PBXFileReference; lastKnownFileType = sourcecode.swift; path = ResetPasswordView.swift; sourceTree = "<group>"; };
		7D61602D22AD6A4900D968AD /* SignUpView.swift */ = {isa = PBXFileReference; lastKnownFileType = sourcecode.swift; path = SignUpView.swift; sourceTree = "<group>"; };
		7D61602F22AD6A6000D968AD /* SignInView.swift */ = {isa = PBXFileReference; lastKnownFileType = sourcecode.swift; path = SignInView.swift; sourceTree = "<group>"; };
		7DCE63DB22A30E5F00CBC3F2 /* WelcomeView.swift */ = {isa = PBXFileReference; lastKnownFileType = sourcecode.swift; path = WelcomeView.swift; sourceTree = "<group>"; };
		7DCE64F322A5D06F00CBC3F2 /* AccountController.swift */ = {isa = PBXFileReference; fileEncoding = 4; lastKnownFileType = sourcecode.swift; path = AccountController.swift; sourceTree = "<group>"; };
		7DCE64F522A5D06F00CBC3F2 /* UsersTVC.swift */ = {isa = PBXFileReference; fileEncoding = 4; lastKnownFileType = sourcecode.swift; path = UsersTVC.swift; sourceTree = "<group>"; };
		7DCE64F622A5D06F00CBC3F2 /* ContainerController.swift */ = {isa = PBXFileReference; fileEncoding = 4; lastKnownFileType = sourcecode.swift; path = ContainerController.swift; sourceTree = "<group>"; };
		7DCE64FD22A5D4DE00CBC3F2 /* UIColor+Extension.swift */ = {isa = PBXFileReference; lastKnownFileType = sourcecode.swift; path = "UIColor+Extension.swift"; sourceTree = "<group>"; };
		D8F9006BDCB2C55F5535A690 /* Pods_Polacy_w_Szwecji.framework */ = {isa = PBXFileReference; explicitFileType = wrapper.framework; includeInIndex = 0; path = Pods_Polacy_w_Szwecji.framework; sourceTree = BUILT_PRODUCTS_DIR; };
		DDEBB48392E34822D2D3AD54 /* Pods-Polacy w Szwecji.debug.xcconfig */ = {isa = PBXFileReference; includeInIndex = 1; lastKnownFileType = text.xcconfig; name = "Pods-Polacy w Szwecji.debug.xcconfig"; path = "Target Support Files/Pods-Polacy w Szwecji/Pods-Polacy w Szwecji.debug.xcconfig"; sourceTree = "<group>"; };
/* End PBXFileReference section */

/* Begin PBXFrameworksBuildPhase section */
		7D348E8222A1DF5900F40530 /* Frameworks */ = {
			isa = PBXFrameworksBuildPhase;
			buildActionMask = 2147483647;
			files = (
				587D4ADB55664ABA59CE1902 /* Pods_Polacy_w_Szwecji.framework in Frameworks */,
			);
			runOnlyForDeploymentPostprocessing = 0;
		};
/* End PBXFrameworksBuildPhase section */

/* Begin PBXGroup section */
		45204F8BA1C0C46203E38275 /* Frameworks */ = {
			isa = PBXGroup;
			children = (
				D8F9006BDCB2C55F5535A690 /* Pods_Polacy_w_Szwecji.framework */,
			);
			name = Frameworks;
			sourceTree = "<group>";
		};
		7D08C67B22B305EE00C8DCD8 /* API */ = {
			isa = PBXGroup;
			children = (
				7D08C67322B1901F00C8DCD8 /* Api.swift */,
				7D08C67522B190A300C8DCD8 /* UserApi.swift */,
				7D08C6AC22B6538C00C8DCD8 /* MessageApi.swift */,
			);
			path = API;
			sourceTree = "<group>";
		};
		7D348E7C22A1DF5900F40530 = {
			isa = PBXGroup;
			children = (
				7D348E8722A1DF5900F40530 /* Polacy w Szwecji */,
				7D348E8622A1DF5900F40530 /* Products */,
				877A91869CE6C48E3865E00E /* Pods */,
				45204F8BA1C0C46203E38275 /* Frameworks */,
			);
			sourceTree = "<group>";
		};
		7D348E8622A1DF5900F40530 /* Products */ = {
			isa = PBXGroup;
			children = (
				7D348E8522A1DF5900F40530 /* Polacy w Szwecji.app */,
			);
			name = Products;
			sourceTree = "<group>";
		};
		7D348E8722A1DF5900F40530 /* Polacy w Szwecji */ = {
			isa = PBXGroup;
			children = (
				7D348E8822A1DF5900F40530 /* AppDelegate.swift */,
				7D348E9422A1DF5B00F40530 /* Info.plist */,
				7D08C67122B0637F00C8DCD8 /* GoogleService-Info.plist */,
				7D08C67B22B305EE00C8DCD8 /* API */,
				7DCE63D222A30D6500CBC3F2 /* Model */,
				7DCE63D322A30D7600CBC3F2 /* View */,
				7DCE63D422A30D8100CBC3F2 /* Controller */,
				7DCE63D722A30E0200CBC3F2 /* Resources */,
				7DCE63D622A30DCF00CBC3F2 /* Supporting_files */,
				7DCE63D522A30DA400CBC3F2 /* Extensions */,
			);
			path = "Polacy w Szwecji";
			sourceTree = "<group>";
		};
		7D61603122AD6B4800D968AD /* Auth */ = {
			isa = PBXGroup;
			children = (
				7D08C66722AF221800C8DCD8 /* BaseAuthViewController.swift */,
				7D348E8A22A1DF5900F40530 /* WelcomeController.swift */,
				7D61602522AD69D500D968AD /* SignUpController.swift */,
				7D61602722AD69E800D968AD /* SignInController.swift */,
				7D61602922AD6A1E00D968AD /* ResetPasswordController.swift */,
			);
			path = Auth;
			sourceTree = "<group>";
		};
		7D61603222AD6B5200D968AD /* Auth */ = {
			isa = PBXGroup;
			children = (
				7DCE63DB22A30E5F00CBC3F2 /* WelcomeView.swift */,
				7D61602D22AD6A4900D968AD /* SignUpView.swift */,
				7D61602F22AD6A6000D968AD /* SignInView.swift */,
				7D61602B22AD6A3A00D968AD /* ResetPasswordView.swift */,
			);
			path = Auth;
			sourceTree = "<group>";
		};
		7D61603322AD6B8200D968AD /* Main */ = {
			isa = PBXGroup;
			children = (
				7DCE64F622A5D06F00CBC3F2 /* ContainerController.swift */,
				7DCE64F322A5D06F00CBC3F2 /* AccountController.swift */,
				7DCE64F522A5D06F00CBC3F2 /* UsersTVC.swift */,
				7D08C68222B42A1B00C8DCD8 /* MessagesTVC.swift */,
				7D08C67C22B30A9700C8DCD8 /* WorkController.swift */,
				7D08C67E22B30AC100C8DCD8 /* FlatsController.swift */,
				7D08C68022B30AEF00C8DCD8 /* ShoppingController.swift */,
				7D54667022A92A8F0001DDBF /* PDFViewController.swift */,
				7D08C6A822B5ACF900C8DCD8 /* ChatController.swift */,
			);
			path = Main;
			sourceTree = "<group>";
		};
		7D61603422AD6C0A00D968AD /* Main */ = {
			isa = PBXGroup;
			children = (
				7D08C6AA22B5AD1900C8DCD8 /* ChatView.swift */,
			);
			path = Main;
			sourceTree = "<group>";
		};
		7D61603522AD6C9C00D968AD /* PDFs */ = {
			isa = PBXGroup;
			children = (
				7D54667222A92C270001DDBF /* vademecum2012.pdf */,
			);
			path = PDFs;
			sourceTree = "<group>";
		};
		7DCE63D222A30D6500CBC3F2 /* Model */ = {
			isa = PBXGroup;
			children = (
				7D08C6A422B46E2B00C8DCD8 /* User.swift */,
			);
			path = Model;
			sourceTree = "<group>";
		};
		7DCE63D322A30D7600CBC3F2 /* View */ = {
			isa = PBXGroup;
			children = (
				7D348E9122A1DF5B00F40530 /* LaunchScreen.storyboard */,
				7D61603222AD6B5200D968AD /* Auth */,
				7D61603422AD6C0A00D968AD /* Main */,
				7D54666E22A85F140001DDBF /* SideButtonView.swift */,
				7D08C6A222B4594A00C8DCD8 /* UserCell.swift */,
			);
			path = View;
			sourceTree = "<group>";
		};
		7DCE63D422A30D8100CBC3F2 /* Controller */ = {
			isa = PBXGroup;
			children = (
				7D08C67722B1958600C8DCD8 /* StorageService.swift */,
				7D61603122AD6B4800D968AD /* Auth */,
				7D61603322AD6B8200D968AD /* Main */,
			);
			path = Controller;
			sourceTree = "<group>";
		};
		7DCE63D522A30DA400CBC3F2 /* Extensions */ = {
			isa = PBXGroup;
			children = (
				7D348E9E22A1E2B600F40530 /* UIView+Extension.swift */,
				7DCE64FD22A5D4DE00CBC3F2 /* UIColor+Extension.swift */,
				7D08C66922B00C3800C8DCD8 /* UIButton+Extension.swift */,
				7D08C66B22B0108600C8DCD8 /* UIViewController+Extension.swift */,
				7D08C66D22B0459500C8DCD8 /* UINavigationController+Extension.swift */,
				7D08C6A622B4E1DB00C8DCD8 /* UIImageView+Extension.swift */,
			);
			path = Extensions;
			sourceTree = "<group>";
		};
		7DCE63D622A30DCF00CBC3F2 /* Supporting_files */ = {
			isa = PBXGroup;
			children = (
				7D348EA022A1E2D200F40530 /* Constants.swift */,
				7D08C67922B19FCF00C8DCD8 /* Ref.swift */,
			);
			path = Supporting_files;
			sourceTree = "<group>";
		};
		7DCE63D722A30E0200CBC3F2 /* Resources */ = {
			isa = PBXGroup;
			children = (
				7D61603522AD6C9C00D968AD /* PDFs */,
				7DCE63DA22A30E4000CBC3F2 /* Images */,
				7DCE63D922A30E1400CBC3F2 /* Fonts */,
				7DCE63D822A30E0C00CBC3F2 /* Videos */,
			);
			path = Resources;
			sourceTree = "<group>";
		};
		7DCE63D822A30E0C00CBC3F2 /* Videos */ = {
			isa = PBXGroup;
			children = (
				7D08C66F22B04EA700C8DCD8 /* counting.mov */,
				7D348E9C22A1E22B00F40530 /* polish_flag.mov */,
			);
			path = Videos;
			sourceTree = "<group>";
		};
		7DCE63D922A30E1400CBC3F2 /* Fonts */ = {
			isa = PBXGroup;
			children = (
				7D348EA222A1E51700F40530 /* AppFonts.swift */,
				7D348EA422A1E52D00F40530 /* LuckiestGuy-Regular.ttf */,
				7D348EA622A1EA3500F40530 /* SeymourOne-Regular.ttf */,
			);
			path = Fonts;
			sourceTree = "<group>";
		};
		7DCE63DA22A30E4000CBC3F2 /* Images */ = {
			isa = PBXGroup;
			children = (
				7D348E8F22A1DF5B00F40530 /* Assets.xcassets */,
			);
			path = Images;
			sourceTree = "<group>";
		};
		877A91869CE6C48E3865E00E /* Pods */ = {
			isa = PBXGroup;
			children = (
				DDEBB48392E34822D2D3AD54 /* Pods-Polacy w Szwecji.debug.xcconfig */,
				76837F098D9D5402B3E049AA /* Pods-Polacy w Szwecji.release.xcconfig */,
			);
			path = Pods;
			sourceTree = "<group>";
		};
/* End PBXGroup section */

/* Begin PBXNativeTarget section */
		7D348E8422A1DF5900F40530 /* Polacy w Szwecji */ = {
			isa = PBXNativeTarget;
			buildConfigurationList = 7D348E9722A1DF5B00F40530 /* Build configuration list for PBXNativeTarget "Polacy w Szwecji" */;
			buildPhases = (
				3EEC7EBC1DF5EB76DF875FDF /* [CP] Check Pods Manifest.lock */,
				7D348E8122A1DF5900F40530 /* Sources */,
				7D348E8222A1DF5900F40530 /* Frameworks */,
				7D348E8322A1DF5900F40530 /* Resources */,
				213FFEC71DED8C9A1B34E4CC /* [CP] Embed Pods Frameworks */,
			);
			buildRules = (
			);
			dependencies = (
			);
			name = "Polacy w Szwecji";
			productName = "Polacy w Szwecji";
			productReference = 7D348E8522A1DF5900F40530 /* Polacy w Szwecji.app */;
			productType = "com.apple.product-type.application";
		};
/* End PBXNativeTarget section */

/* Begin PBXProject section */
		7D348E7D22A1DF5900F40530 /* Project object */ = {
			isa = PBXProject;
			attributes = {
				LastSwiftUpdateCheck = 1020;
				LastUpgradeCheck = 1020;
				ORGANIZATIONNAME = "Sebastian Strus";
				TargetAttributes = {
					7D348E8422A1DF5900F40530 = {
						CreatedOnToolsVersion = 10.2;
						SystemCapabilities = {
							com.apple.BackgroundModes = {
								enabled = 0;
							};
						};
					};
				};
			};
			buildConfigurationList = 7D348E8022A1DF5900F40530 /* Build configuration list for PBXProject "Polacy w Szwecji" */;
			compatibilityVersion = "Xcode 9.3";
			developmentRegion = en;
			hasScannedForEncodings = 0;
			knownRegions = (
				en,
				Base,
			);
			mainGroup = 7D348E7C22A1DF5900F40530;
			productRefGroup = 7D348E8622A1DF5900F40530 /* Products */;
			projectDirPath = "";
			projectRoot = "";
			targets = (
				7D348E8422A1DF5900F40530 /* Polacy w Szwecji */,
			);
		};
/* End PBXProject section */

/* Begin PBXResourcesBuildPhase section */
		7D348E8322A1DF5900F40530 /* Resources */ = {
			isa = PBXResourcesBuildPhase;
			buildActionMask = 2147483647;
			files = (
				7D348E9D22A1E22B00F40530 /* polish_flag.mov in Resources */,
				7D08C67222B0637F00C8DCD8 /* GoogleService-Info.plist in Resources */,
				7D348E9322A1DF5B00F40530 /* LaunchScreen.storyboard in Resources */,
				7D348E9022A1DF5B00F40530 /* Assets.xcassets in Resources */,
				7D348EA722A1EA3500F40530 /* SeymourOne-Regular.ttf in Resources */,
				7D348EA522A1E52E00F40530 /* LuckiestGuy-Regular.ttf in Resources */,
				7D54667322A92C270001DDBF /* vademecum2012.pdf in Resources */,
				7D08C67022B04EA700C8DCD8 /* counting.mov in Resources */,
			);
			runOnlyForDeploymentPostprocessing = 0;
		};
/* End PBXResourcesBuildPhase section */

/* Begin PBXShellScriptBuildPhase section */
		213FFEC71DED8C9A1B34E4CC /* [CP] Embed Pods Frameworks */ = {
			isa = PBXShellScriptBuildPhase;
			buildActionMask = 2147483647;
			files = (
			);
			inputFileListPaths = (
				"${PODS_ROOT}/Target Support Files/Pods-Polacy w Szwecji/Pods-Polacy w Szwecji-frameworks-${CONFIGURATION}-input-files.xcfilelist",
			);
			name = "[CP] Embed Pods Frameworks";
			outputFileListPaths = (
				"${PODS_ROOT}/Target Support Files/Pods-Polacy w Szwecji/Pods-Polacy w Szwecji-frameworks-${CONFIGURATION}-output-files.xcfilelist",
			);
			runOnlyForDeploymentPostprocessing = 0;
			shellPath = /bin/sh;
			shellScript = "\"${PODS_ROOT}/Target Support Files/Pods-Polacy w Szwecji/Pods-Polacy w Szwecji-frameworks.sh\"\n";
			showEnvVarsInLog = 0;
		};
		3EEC7EBC1DF5EB76DF875FDF /* [CP] Check Pods Manifest.lock */ = {
			isa = PBXShellScriptBuildPhase;
			buildActionMask = 2147483647;
			files = (
			);
			inputFileListPaths = (
			);
			inputPaths = (
				"${PODS_PODFILE_DIR_PATH}/Podfile.lock",
				"${PODS_ROOT}/Manifest.lock",
			);
			name = "[CP] Check Pods Manifest.lock";
			outputFileListPaths = (
			);
			outputPaths = (
				"$(DERIVED_FILE_DIR)/Pods-Polacy w Szwecji-checkManifestLockResult.txt",
			);
			runOnlyForDeploymentPostprocessing = 0;
			shellPath = /bin/sh;
			shellScript = "diff \"${PODS_PODFILE_DIR_PATH}/Podfile.lock\" \"${PODS_ROOT}/Manifest.lock\" > /dev/null\nif [ $? != 0 ] ; then\n    # print error to STDERR\n    echo \"error: The sandbox is not in sync with the Podfile.lock. Run 'pod install' or update your CocoaPods installation.\" >&2\n    exit 1\nfi\n# This output is used by Xcode 'outputs' to avoid re-running this script phase.\necho \"SUCCESS\" > \"${SCRIPT_OUTPUT_FILE_0}\"\n";
			showEnvVarsInLog = 0;
		};
/* End PBXShellScriptBuildPhase section */

/* Begin PBXSourcesBuildPhase section */
		7D348E8122A1DF5900F40530 /* Sources */ = {
			isa = PBXSourcesBuildPhase;
			buildActionMask = 2147483647;
			files = (
				7D54667122A92A8F0001DDBF /* PDFViewController.swift in Sources */,
				7D348EA322A1E51700F40530 /* AppFonts.swift in Sources */,
				7D61602C22AD6A3A00D968AD /* ResetPasswordView.swift in Sources */,
				7D348EA122A1E2D200F40530 /* Constants.swift in Sources */,
				7D08C6A522B46E2B00C8DCD8 /* User.swift in Sources */,
				7D61602822AD69E800D968AD /* SignInController.swift in Sources */,
				7D08C68122B30AEF00C8DCD8 /* ShoppingController.swift in Sources */,
				7D08C66822AF221800C8DCD8 /* BaseAuthViewController.swift in Sources */,
				7D08C6A322B4594A00C8DCD8 /* UserCell.swift in Sources */,
				7D08C67422B1901F00C8DCD8 /* Api.swift in Sources */,
				7D08C67822B1958600C8DCD8 /* StorageService.swift in Sources */,
				7D348E8B22A1DF5900F40530 /* WelcomeController.swift in Sources */,
				7D61602A22AD6A1E00D968AD /* ResetPasswordController.swift in Sources */,
				7D54666F22A85F140001DDBF /* SideButtonView.swift in Sources */,
				7D08C67622B190A300C8DCD8 /* UserApi.swift in Sources */,
				7DCE64F722A5D06F00CBC3F2 /* AccountController.swift in Sources */,
				7D08C67D22B30A9700C8DCD8 /* WorkController.swift in Sources */,
				7D08C67F22B30AC100C8DCD8 /* FlatsController.swift in Sources */,
				7D08C6A722B4E1DB00C8DCD8 /* UIImageView+Extension.swift in Sources */,
				7D61603022AD6A6000D968AD /* SignInView.swift in Sources */,
				7D08C66C22B0108600C8DCD8 /* UIViewController+Extension.swift in Sources */,
				7D08C68322B42A1B00C8DCD8 /* MessagesTVC.swift in Sources */,
				7D348E9F22A1E2B600F40530 /* UIView+Extension.swift in Sources */,
				7D08C67A22B19FCF00C8DCD8 /* Ref.swift in Sources */,
				7D348E8922A1DF5900F40530 /* AppDelegate.swift in Sources */,
				7D61602622AD69D500D968AD /* SignUpController.swift in Sources */,
				7DCE63DC22A30E5F00CBC3F2 /* WelcomeView.swift in Sources */,
				7D08C66E22B0459500C8DCD8 /* UINavigationController+Extension.swift in Sources */,
				7DCE64FE22A5D4DE00CBC3F2 /* UIColor+Extension.swift in Sources */,
				7DCE64FA22A5D06F00CBC3F2 /* ContainerController.swift in Sources */,
				7D61602E22AD6A4900D968AD /* SignUpView.swift in Sources */,
				7D08C6A922B5ACF900C8DCD8 /* ChatController.swift in Sources */,
				7D08C6AB22B5AD1900C8DCD8 /* ChatView.swift in Sources */,
				7DCE64F922A5D06F00CBC3F2 /* UsersTVC.swift in Sources */,
				7D08C6AD22B6538C00C8DCD8 /* MessageApi.swift in Sources */,
				7D08C66A22B00C3800C8DCD8 /* UIButton+Extension.swift in Sources */,
			);
			runOnlyForDeploymentPostprocessing = 0;
		};
/* End PBXSourcesBuildPhase section */

/* Begin PBXVariantGroup section */
		7D348E9122A1DF5B00F40530 /* LaunchScreen.storyboard */ = {
			isa = PBXVariantGroup;
			children = (
				7D348E9222A1DF5B00F40530 /* Base */,
			);
			name = LaunchScreen.storyboard;
			sourceTree = "<group>";
		};
/* End PBXVariantGroup section */

/* Begin XCBuildConfiguration section */
		7D348E9522A1DF5B00F40530 /* Debug */ = {
			isa = XCBuildConfiguration;
			buildSettings = {
				ALWAYS_SEARCH_USER_PATHS = NO;
				CLANG_ANALYZER_NONNULL = YES;
				CLANG_ANALYZER_NUMBER_OBJECT_CONVERSION = YES_AGGRESSIVE;
				CLANG_CXX_LANGUAGE_STANDARD = "gnu++14";
				CLANG_CXX_LIBRARY = "libc++";
				CLANG_ENABLE_MODULES = YES;
				CLANG_ENABLE_OBJC_ARC = YES;
				CLANG_ENABLE_OBJC_WEAK = YES;
				CLANG_WARN_BLOCK_CAPTURE_AUTORELEASING = YES;
				CLANG_WARN_BOOL_CONVERSION = YES;
				CLANG_WARN_COMMA = YES;
				CLANG_WARN_CONSTANT_CONVERSION = YES;
				CLANG_WARN_DEPRECATED_OBJC_IMPLEMENTATIONS = YES;
				CLANG_WARN_DIRECT_OBJC_ISA_USAGE = YES_ERROR;
				CLANG_WARN_DOCUMENTATION_COMMENTS = YES;
				CLANG_WARN_EMPTY_BODY = YES;
				CLANG_WARN_ENUM_CONVERSION = YES;
				CLANG_WARN_INFINITE_RECURSION = YES;
				CLANG_WARN_INT_CONVERSION = YES;
				CLANG_WARN_NON_LITERAL_NULL_CONVERSION = YES;
				CLANG_WARN_OBJC_IMPLICIT_RETAIN_SELF = YES;
				CLANG_WARN_OBJC_LITERAL_CONVERSION = YES;
				CLANG_WARN_OBJC_ROOT_CLASS = YES_ERROR;
				CLANG_WARN_RANGE_LOOP_ANALYSIS = YES;
				CLANG_WARN_STRICT_PROTOTYPES = YES;
				CLANG_WARN_SUSPICIOUS_MOVE = YES;
				CLANG_WARN_UNGUARDED_AVAILABILITY = YES_AGGRESSIVE;
				CLANG_WARN_UNREACHABLE_CODE = YES;
				CLANG_WARN__DUPLICATE_METHOD_MATCH = YES;
				CODE_SIGN_IDENTITY = "iPhone Developer";
				COPY_PHASE_STRIP = NO;
				DEBUG_INFORMATION_FORMAT = dwarf;
				ENABLE_STRICT_OBJC_MSGSEND = YES;
				ENABLE_TESTABILITY = YES;
				GCC_C_LANGUAGE_STANDARD = gnu11;
				GCC_DYNAMIC_NO_PIC = NO;
				GCC_NO_COMMON_BLOCKS = YES;
				GCC_OPTIMIZATION_LEVEL = 0;
				GCC_PREPROCESSOR_DEFINITIONS = (
					"DEBUG=1",
					"$(inherited)",
				);
				GCC_WARN_64_TO_32_BIT_CONVERSION = YES;
				GCC_WARN_ABOUT_RETURN_TYPE = YES_ERROR;
				GCC_WARN_UNDECLARED_SELECTOR = YES;
				GCC_WARN_UNINITIALIZED_AUTOS = YES_AGGRESSIVE;
				GCC_WARN_UNUSED_FUNCTION = YES;
				GCC_WARN_UNUSED_VARIABLE = YES;
				IPHONEOS_DEPLOYMENT_TARGET = 12.2;
				MTL_ENABLE_DEBUG_INFO = INCLUDE_SOURCE;
				MTL_FAST_MATH = YES;
				ONLY_ACTIVE_ARCH = YES;
				SDKROOT = iphoneos;
				SWIFT_ACTIVE_COMPILATION_CONDITIONS = DEBUG;
				SWIFT_OPTIMIZATION_LEVEL = "-Onone";
			};
			name = Debug;
		};
		7D348E9622A1DF5B00F40530 /* Release */ = {
			isa = XCBuildConfiguration;
			buildSettings = {
				ALWAYS_SEARCH_USER_PATHS = NO;
				CLANG_ANALYZER_NONNULL = YES;
				CLANG_ANALYZER_NUMBER_OBJECT_CONVERSION = YES_AGGRESSIVE;
				CLANG_CXX_LANGUAGE_STANDARD = "gnu++14";
				CLANG_CXX_LIBRARY = "libc++";
				CLANG_ENABLE_MODULES = YES;
				CLANG_ENABLE_OBJC_ARC = YES;
				CLANG_ENABLE_OBJC_WEAK = YES;
				CLANG_WARN_BLOCK_CAPTURE_AUTORELEASING = YES;
				CLANG_WARN_BOOL_CONVERSION = YES;
				CLANG_WARN_COMMA = YES;
				CLANG_WARN_CONSTANT_CONVERSION = YES;
				CLANG_WARN_DEPRECATED_OBJC_IMPLEMENTATIONS = YES;
				CLANG_WARN_DIRECT_OBJC_ISA_USAGE = YES_ERROR;
				CLANG_WARN_DOCUMENTATION_COMMENTS = YES;
				CLANG_WARN_EMPTY_BODY = YES;
				CLANG_WARN_ENUM_CONVERSION = YES;
				CLANG_WARN_INFINITE_RECURSION = YES;
				CLANG_WARN_INT_CONVERSION = YES;
				CLANG_WARN_NON_LITERAL_NULL_CONVERSION = YES;
				CLANG_WARN_OBJC_IMPLICIT_RETAIN_SELF = YES;
				CLANG_WARN_OBJC_LITERAL_CONVERSION = YES;
				CLANG_WARN_OBJC_ROOT_CLASS = YES_ERROR;
				CLANG_WARN_RANGE_LOOP_ANALYSIS = YES;
				CLANG_WARN_STRICT_PROTOTYPES = YES;
				CLANG_WARN_SUSPICIOUS_MOVE = YES;
				CLANG_WARN_UNGUARDED_AVAILABILITY = YES_AGGRESSIVE;
				CLANG_WARN_UNREACHABLE_CODE = YES;
				CLANG_WARN__DUPLICATE_METHOD_MATCH = YES;
				CODE_SIGN_IDENTITY = "iPhone Developer";
				COPY_PHASE_STRIP = NO;
				DEBUG_INFORMATION_FORMAT = "dwarf-with-dsym";
				ENABLE_NS_ASSERTIONS = NO;
				ENABLE_STRICT_OBJC_MSGSEND = YES;
				GCC_C_LANGUAGE_STANDARD = gnu11;
				GCC_NO_COMMON_BLOCKS = YES;
				GCC_WARN_64_TO_32_BIT_CONVERSION = YES;
				GCC_WARN_ABOUT_RETURN_TYPE = YES_ERROR;
				GCC_WARN_UNDECLARED_SELECTOR = YES;
				GCC_WARN_UNINITIALIZED_AUTOS = YES_AGGRESSIVE;
				GCC_WARN_UNUSED_FUNCTION = YES;
				GCC_WARN_UNUSED_VARIABLE = YES;
				IPHONEOS_DEPLOYMENT_TARGET = 12.2;
				MTL_ENABLE_DEBUG_INFO = NO;
				MTL_FAST_MATH = YES;
				SDKROOT = iphoneos;
				SWIFT_COMPILATION_MODE = wholemodule;
				SWIFT_OPTIMIZATION_LEVEL = "-O";
				VALIDATE_PRODUCT = YES;
			};
			name = Release;
		};
		7D348E9822A1DF5B00F40530 /* Debug */ = {
			isa = XCBuildConfiguration;
			baseConfigurationReference = DDEBB48392E34822D2D3AD54 /* Pods-Polacy w Szwecji.debug.xcconfig */;
			buildSettings = {
				ASSETCATALOG_COMPILER_APPICON_NAME = AppIcon;
				CODE_SIGN_STYLE = Automatic;
				DEVELOPMENT_TEAM = 4SL936GBZY;
				INFOPLIST_FILE = "Polacy w Szwecji/Info.plist";
				LD_RUNPATH_SEARCH_PATHS = (
					"$(inherited)",
					"@executable_path/Frameworks",
				);
				PRODUCT_BUNDLE_IDENTIFIER = "com.sebastianstrus.Polacy-w-Szwecji";
				PRODUCT_NAME = "$(TARGET_NAME)";
				SWIFT_VERSION = 5.0;
				TARGETED_DEVICE_FAMILY = "1,2";
			};
			name = Debug;
		};
		7D348E9922A1DF5B00F40530 /* Release */ = {
			isa = XCBuildConfiguration;
			baseConfigurationReference = 76837F098D9D5402B3E049AA /* Pods-Polacy w Szwecji.release.xcconfig */;
			buildSettings = {
				ASSETCATALOG_COMPILER_APPICON_NAME = AppIcon;
				CODE_SIGN_STYLE = Automatic;
				DEVELOPMENT_TEAM = 4SL936GBZY;
				INFOPLIST_FILE = "Polacy w Szwecji/Info.plist";
				LD_RUNPATH_SEARCH_PATHS = (
					"$(inherited)",
					"@executable_path/Frameworks",
				);
				PRODUCT_BUNDLE_IDENTIFIER = "com.sebastianstrus.Polacy-w-Szwecji";
				PRODUCT_NAME = "$(TARGET_NAME)";
				SWIFT_VERSION = 5.0;
				TARGETED_DEVICE_FAMILY = "1,2";
			};
			name = Release;
		};
/* End XCBuildConfiguration section */

/* Begin XCConfigurationList section */
		7D348E8022A1DF5900F40530 /* Build configuration list for PBXProject "Polacy w Szwecji" */ = {
			isa = XCConfigurationList;
			buildConfigurations = (
				7D348E9522A1DF5B00F40530 /* Debug */,
				7D348E9622A1DF5B00F40530 /* Release */,
			);
			defaultConfigurationIsVisible = 0;
			defaultConfigurationName = Release;
		};
		7D348E9722A1DF5B00F40530 /* Build configuration list for PBXNativeTarget "Polacy w Szwecji" */ = {
			isa = XCConfigurationList;
			buildConfigurations = (
				7D348E9822A1DF5B00F40530 /* Debug */,
				7D348E9922A1DF5B00F40530 /* Release */,
			);
			defaultConfigurationIsVisible = 0;
			defaultConfigurationName = Release;
		};
/* End XCConfigurationList section */
	};
	rootObject = 7D348E7D22A1DF5900F40530 /* Project object */;
}
